{
  "name": "webassemblydemo",
  "version": "1.0.0",
  "lockfileVersion": 1,
  "requires": true,
  "dependencies": {
    "fs": {
      "version": "0.0.1-security",
      "resolved": "https://registry.npmjs.org/fs/-/fs-0.0.1-security.tgz",
      "integrity": "sha1-invTcYa23d84E/I4WLV+yq9eQdQ="
    },
    "inherits": {
      "version": "2.0.3",
      "resolved": "https://registry.npmjs.org/inherits/-/inherits-2.0.3.tgz",
      "integrity": "sha1-Yzwsg+PaQqUC9SRmAiSA9CCCYd4="
    },
    "util": {
      "version": "0.11.1",
      "resolved": "https://registry.npmjs.org/util/-/util-0.11.1.tgz",
      "integrity": "sha512-HShAsny+zS2TZfaXxD9tYj4HQGlBezXZMZuM/S5PKLLoZkShZiGk9o5CzukI1LVHZvjdvZ2Sj1aW/Ndn2NB/HQ==",
      "requires": {
        "inherits": "2.0.3"
      }
    },
    "wabt": {
      "version": "1.0.10",
      "resolved": "https://registry.npmjs.org/wabt/-/wabt-1.0.10.tgz",
      "integrity": "sha512-UvxeSXiXLqw0NTMgGAJPm0GrToFDb062zen/QEOs55lVLLj7vi+ZRC90u6/1LSbyLGFKJndAGYF4hVkIeFFmtw=="
    }
  }
}
